
Microsoft Visual Studio Solution File, Format Version 12.00
# Visual Studio Version 17
VisualStudioVersion = 17.0.31903.59
MinimumVisualStudioVersion = 10.0.40219.1
Project("{2150E333-8FDC-42A3-9474-1A3956D46DE8}") = "tests", "tests", "{0AB3BF05-4346-4AA6-1389-037BE0695223}"
EndProject
Project("{FAE04EC0-301F-11D3-BF4B-00C04F79EFBC}") = "Seadora.Common.Tests", "tests\Seadora.Common.Tests\Seadora.Common.Tests.csproj", "{5A94CD3A-466E-4C63-B844-0A8DEE8D6CDC}"
EndProject
Project("{2150E333-8FDC-42A3-9474-1A3956D46DE8}") = "Services", "Services", "{4353066B-F410-E540-F593-55E469B78A5F}"
EndProject
Project("{2150E333-8FDC-42A3-9474-1A3956D46DE8}") = "Identity", "Identity", "{66BB64B5-78AA-A264-1B79-3FC42D2485EB}"
EndProject
Project("{FAE04EC0-301F-11D3-BF4B-00C04F79EFBC}") = "Seadora.Identity.Application.Tests", "tests\Services\Identity\Seadora.Identity.Application.Tests\Seadora.Identity.Application.Tests.csproj", "{8B56F8B2-E691-46B1-B50D-5C90FD1DA23A}"
EndProject
Project("{2150E333-8FDC-42A3-9474-1A3956D46DE8}") = "src", "src", "{827E0CD3-B72D-47B6-A68D-7590B98EB39B}"
EndProject
Project("{2150E333-8FDC-42A3-9474-1A3956D46DE8}") = "Services", "Services", "{984BB9B3-3FA3-BE33-9484-CAC21695A33C}"
EndProject
Project("{2150E333-8FDC-42A3-9474-1A3956D46DE8}") = "Common", "Common", "{E5E1B1E5-C062-F6BA-03D2-91D8175BF75B}"
EndProject
Project("{FAE04EC0-301F-11D3-BF4B-00C04F79EFBC}") = "Seadora.Common", "src\Services\Common\Seadora.Common\Seadora.Common.csproj", "{5539E5DF-7B99-4169-8A83-1636D2B3A114}"
EndProject
Project("{2150E333-8FDC-42A3-9474-1A3956D46DE8}") = "Identity.Service", "Identity.Service", "{157C21EE-7DB5-38BD-9B9A-98279C38550B}"
EndProject
Project("{FAE04EC0-301F-11D3-BF4B-00C04F79EFBC}") = "Seadora.Identity.API", "src\Services\Identity.Service\Seadora.Identity.API\Seadora.Identity.API.csproj", "{B2906912-2334-4773-BE4D-9E68A86B25A4}"
EndProject
Project("{FAE04EC0-301F-11D3-BF4B-00C04F79EFBC}") = "Seadora.Identity.Application", "src\Services\Identity.Service\Seadora.Identity.Application\Seadora.Identity.Application.csproj", "{01B101CC-23DD-4F18-AEA8-42960BB72134}"
EndProject
Project("{FAE04EC0-301F-11D3-BF4B-00C04F79EFBC}") = "Seadora.Identity.Domain", "src\Services\Identity.Service\Seadora.Identity.Domain\Seadora.Identity.Domain.csproj", "{E7A64D13-3FC0-4131-8ED3-0AAF3DADE354}"
EndProject
Project("{FAE04EC0-301F-11D3-BF4B-00C04F79EFBC}") = "Seadora.Identity.Infrastructure", "src\Services\Identity.Service\Seadora.Identity.Infrastructure\Seadora.Identity.Infrastructure.csproj", "{F09FC034-3D0D-4D1D-ADE1-ED41625D3648}"
EndProject
Project("{2150E333-8FDC-42A3-9474-1A3956D46DE8}") = "Content.Service", "Content.Service", "{6FEADAE5-0DF7-50EF-B7D1-AE696EF96879}"
EndProject
Project("{FAE04EC0-301F-11D3-BF4B-00C04F79EFBC}") = "Seadora.Content.API", "src\Services\Content.Service\Seadora.Content.API\Seadora.Content.API.csproj", "{5DCD181E-E9FB-4100-A640-4E5B6894C389}"
EndProject
Project("{FAE04EC0-301F-11D3-BF4B-00C04F79EFBC}") = "Seadora.Content.Application", "src\Services\Content.Service\Seadora.Content.Application\Seadora.Content.Application.csproj", "{78ED20E3-36A9-42D6-9F4A-09ED01211B9C}"
EndProject
Project("{FAE04EC0-301F-11D3-BF4B-00C04F79EFBC}") = "Seadora.Content.Domain", "src\Services\Content.Service\Seadora.Content.Domain\Seadora.Content.Domain.csproj", "{CE7287EC-BFDC-4EEE-BEC1-DAE72D003087}"
EndProject
Project("{FAE04EC0-301F-11D3-BF4B-00C04F79EFBC}") = "Seadora.Content.Infrastructure", "src\Services\Content.Service\Seadora.Content.Infrastructure\Seadora.Content.Infrastructure.csproj", "{FF61D6CD-C75B-4E67-94CE-D6A45BEC6EF0}"
EndProject
Project("{2150E333-8FDC-42A3-9474-1A3956D46DE8}") = "FileServer", "FileServer", "{49A61280-BE0B-B347-9318-97195D323CE9}"
EndProject
Project("{FAE04EC0-301F-11D3-BF4B-00C04F79EFBC}") = "Seadora.FileServer.API", "src\Services\FileServer\Seadora.FileServer.API\Seadora.FileServer.API.csproj", "{6F88C362-8920-4BEA-A9F4-0CAA280BE1DC}"
EndProject
Project("{2150E333-8FDC-42A3-9474-1A3956D46DE8}") = "Booking.Service", "Booking.Service", "{05E3E03A-C0FA-C63B-A943-54F23E811AD3}"
EndProject
Project("{FAE04EC0-301F-11D3-BF4B-00C04F79EFBC}") = "Seadora.Booking.API", "src\Services\Booking.Service\Seadora.Booking.API\Seadora.Booking.API.csproj", "{80FD376F-B238-4258-A957-1DFB2624C812}"
EndProject
Project("{FAE04EC0-301F-11D3-BF4B-00C04F79EFBC}") = "Seadora.Booking.Application", "src\Services\Booking.Service\Seadora.Booking.Application\Seadora.Booking.Application.csproj", "{106AEF49-BE7B-447F-BB7E-E12D6BDC8C0D}"
EndProject
Project("{FAE04EC0-301F-11D3-BF4B-00C04F79EFBC}") = "Seadora.Booking.Domain", "src\Services\Booking.Service\Seadora.Booking.Domain\Seadora.Booking.Domain.csproj", "{916C871E-D866-4F92-A7E3-81A5DF8E7D37}"
EndProject
Project("{FAE04EC0-301F-11D3-BF4B-00C04F79EFBC}") = "Seadora.Booking.Infrastructure", "src\Services\Booking.Service\Seadora.Booking.Infrastructure\Seadora.Booking.Infrastructure.csproj", "{D19F4A71-6E87-4336-9A09-E341784468E1}"
EndProject
Project("{2150E333-8FDC-42A3-9474-1A3956D46DE8}") = "ApiGateway", "ApiGateway", "{FCA01246-F2C6-0AA7-D43F-FD13BE0B9D88}"
EndProject
Project("{FAE04EC0-301F-11D3-BF4B-00C04F79EFBC}") = "Seadora.ApiGateway", "src\ApiGateway\Seadora.ApiGateway.csproj", "{EAF36ADB-E28F-46DC-A520-3C5A382D1F46}"
EndProject
Global
	GlobalSection(SolutionConfigurationPlatforms) = preSolution
		Debug|Any CPU = Debug|Any CPU
		Debug|x64 = Debug|x64
		Debug|x86 = Debug|x86
		Release|Any CPU = Release|Any CPU
		Release|x64 = Release|x64
		Release|x86 = Release|x86
	EndGlobalSection
	GlobalSection(ProjectConfigurationPlatforms) = postSolution
		{5A94CD3A-466E-4C63-B844-0A8DEE8D6CDC}.Debug|Any CPU.ActiveCfg = Debug|Any CPU
		{5A94CD3A-466E-4C63-B844-0A8DEE8D6CDC}.Debug|Any CPU.Build.0 = Debug|Any CPU
		{5A94CD3A-466E-4C63-B844-0A8DEE8D6CDC}.Debug|x64.ActiveCfg = Debug|Any CPU
		{5A94CD3A-466E-4C63-B844-0A8DEE8D6CDC}.Debug|x64.Build.0 = Debug|Any CPU
		{5A94CD3A-466E-4C63-B844-0A8DEE8D6CDC}.Debug|x86.ActiveCfg = Debug|Any CPU
		{5A94CD3A-466E-4C63-B844-0A8DEE8D6CDC}.Debug|x86.Build.0 = Debug|Any CPU
		{5A94CD3A-466E-4C63-B844-0A8DEE8D6CDC}.Release|Any CPU.ActiveCfg = Release|Any CPU
		{5A94CD3A-466E-4C63-B844-0A8DEE8D6CDC}.Release|Any CPU.Build.0 = Release|Any CPU
		{5A94CD3A-466E-4C63-B844-0A8DEE8D6CDC}.Release|x64.ActiveCfg = Release|Any CPU
		{5A94CD3A-466E-4C63-B844-0A8DEE8D6CDC}.Release|x64.Build.0 = Release|Any CPU
		{5A94CD3A-466E-4C63-B844-0A8DEE8D6CDC}.Release|x86.ActiveCfg = Release|Any CPU
		{5A94CD3A-466E-4C63-B844-0A8DEE8D6CDC}.Release|x86.Build.0 = Release|Any CPU
		{8B56F8B2-E691-46B1-B50D-5C90FD1DA23A}.Debug|Any CPU.ActiveCfg = Debug|Any CPU
		{8B56F8B2-E691-46B1-B50D-5C90FD1DA23A}.Debug|Any CPU.Build.0 = Debug|Any CPU
		{8B56F8B2-E691-46B1-B50D-5C90FD1DA23A}.Debug|x64.ActiveCfg = Debug|Any CPU
		{8B56F8B2-E691-46B1-B50D-5C90FD1DA23A}.Debug|x64.Build.0 = Debug|Any CPU
		{8B56F8B2-E691-46B1-B50D-5C90FD1DA23A}.Debug|x86.ActiveCfg = Debug|Any CPU
		{8B56F8B2-E691-46B1-B50D-5C90FD1DA23A}.Debug|x86.Build.0 = Debug|Any CPU
		{8B56F8B2-E691-46B1-B50D-5C90FD1DA23A}.Release|Any CPU.ActiveCfg = Release|Any CPU
		{8B56F8B2-E691-46B1-B50D-5C90FD1DA23A}.Release|Any CPU.Build.0 = Release|Any CPU
		{8B56F8B2-E691-46B1-B50D-5C90FD1DA23A}.Release|x64.ActiveCfg = Release|Any CPU
		{8B56F8B2-E691-46B1-B50D-5C90FD1DA23A}.Release|x64.Build.0 = Release|Any CPU
		{8B56F8B2-E691-46B1-B50D-5C90FD1DA23A}.Release|x86.ActiveCfg = Release|Any CPU
		{8B56F8B2-E691-46B1-B50D-5C90FD1DA23A}.Release|x86.Build.0 = Release|Any CPU
		{5539E5DF-7B99-4169-8A83-1636D2B3A114}.Debug|Any CPU.ActiveCfg = Debug|Any CPU
		{5539E5DF-7B99-4169-8A83-1636D2B3A114}.Debug|Any CPU.Build.0 = Debug|Any CPU
		{5539E5DF-7B99-4169-8A83-1636D2B3A114}.Debug|x64.ActiveCfg = Debug|Any CPU
		{5539E5DF-7B99-4169-8A83-1636D2B3A114}.Debug|x64.Build.0 = Debug|Any CPU
		{5539E5DF-7B99-4169-8A83-1636D2B3A114}.Debug|x86.ActiveCfg = Debug|Any CPU
		{5539E5DF-7B99-4169-8A83-1636D2B3A114}.Debug|x86.Build.0 = Debug|Any CPU
		{5539E5DF-7B99-4169-8A83-1636D2B3A114}.Release|Any CPU.ActiveCfg = Release|Any CPU
		{5539E5DF-7B99-4169-8A83-1636D2B3A114}.Release|Any CPU.Build.0 = Release|Any CPU
		{5539E5DF-7B99-4169-8A83-1636D2B3A114}.Release|x64.ActiveCfg = Release|Any CPU
		{5539E5DF-7B99-4169-8A83-1636D2B3A114}.Release|x64.Build.0 = Release|Any CPU
		{5539E5DF-7B99-4169-8A83-1636D2B3A114}.Release|x86.ActiveCfg = Release|Any CPU
		{5539E5DF-7B99-4169-8A83-1636D2B3A114}.Release|x86.Build.0 = Release|Any CPU
		{B2906912-2334-4773-BE4D-9E68A86B25A4}.Debug|Any CPU.ActiveCfg = Debug|Any CPU
		{B2906912-2334-4773-BE4D-9E68A86B25A4}.Debug|Any CPU.Build.0 = Debug|Any CPU
		{B2906912-2334-4773-BE4D-9E68A86B25A4}.Debug|x64.ActiveCfg = Debug|Any CPU
		{B2906912-2334-4773-BE4D-9E68A86B25A4}.Debug|x64.Build.0 = Debug|Any CPU
		{B2906912-2334-4773-BE4D-9E68A86B25A4}.Debug|x86.ActiveCfg = Debug|Any CPU
		{B2906912-2334-4773-BE4D-9E68A86B25A4}.Debug|x86.Build.0 = Debug|Any CPU
		{B2906912-2334-4773-BE4D-9E68A86B25A4}.Release|Any CPU.ActiveCfg = Release|Any CPU
		{B2906912-2334-4773-BE4D-9E68A86B25A4}.Release|Any CPU.Build.0 = Release|Any CPU
		{B2906912-2334-4773-BE4D-9E68A86B25A4}.Release|x64.ActiveCfg = Release|Any CPU
		{B2906912-2334-4773-BE4D-9E68A86B25A4}.Release|x64.Build.0 = Release|Any CPU
		{B2906912-2334-4773-BE4D-9E68A86B25A4}.Release|x86.ActiveCfg = Release|Any CPU
		{B2906912-2334-4773-BE4D-9E68A86B25A4}.Release|x86.Build.0 = Release|Any CPU
		{01B101CC-23DD-4F18-AEA8-42960BB72134}.Debug|Any CPU.ActiveCfg = Debug|Any CPU
		{01B101CC-23DD-4F18-AEA8-42960BB72134}.Debug|Any CPU.Build.0 = Debug|Any CPU
		{01B101CC-23DD-4F18-AEA8-42960BB72134}.Debug|x64.ActiveCfg = Debug|Any CPU
		{01B101CC-23DD-4F18-AEA8-42960BB72134}.Debug|x64.Build.0 = Debug|Any CPU
		{01B101CC-23DD-4F18-AEA8-42960BB72134}.Debug|x86.ActiveCfg = Debug|Any CPU
		{01B101CC-23DD-4F18-AEA8-42960BB72134}.Debug|x86.Build.0 = Debug|Any CPU
		{01B101CC-23DD-4F18-AEA8-42960BB72134}.Release|Any CPU.ActiveCfg = Release|Any CPU
		{01B101CC-23DD-4F18-AEA8-42960BB72134}.Release|Any CPU.Build.0 = Release|Any CPU
		{01B101CC-23DD-4F18-AEA8-42960BB72134}.Release|x64.ActiveCfg = Release|Any CPU
		{01B101CC-23DD-4F18-AEA8-42960BB72134}.Release|x64.Build.0 = Release|Any CPU
		{01B101CC-23DD-4F18-AEA8-42960BB72134}.Release|x86.ActiveCfg = Release|Any CPU
		{01B101CC-23DD-4F18-AEA8-42960BB72134}.Release|x86.Build.0 = Release|Any CPU
		{E7A64D13-3FC0-4131-8ED3-0AAF3DADE354}.Debug|Any CPU.ActiveCfg = Debug|Any CPU
		{E7A64D13-3FC0-4131-8ED3-0AAF3DADE354}.Debug|Any CPU.Build.0 = Debug|Any CPU
		{E7A64D13-3FC0-4131-8ED3-0AAF3DADE354}.Debug|x64.ActiveCfg = Debug|Any CPU
		{E7A64D13-3FC0-4131-8ED3-0AAF3DADE354}.Debug|x64.Build.0 = Debug|Any CPU
		{E7A64D13-3FC0-4131-8ED3-0AAF3DADE354}.Debug|x86.ActiveCfg = Debug|Any CPU
		{E7A64D13-3FC0-4131-8ED3-0AAF3DADE354}.Debug|x86.Build.0 = Debug|Any CPU
		{E7A64D13-3FC0-4131-8ED3-0AAF3DADE354}.Release|Any CPU.ActiveCfg = Release|Any CPU
		{E7A64D13-3FC0-4131-8ED3-0AAF3DADE354}.Release|Any CPU.Build.0 = Release|Any CPU
		{E7A64D13-3FC0-4131-8ED3-0AAF3DADE354}.Release|x64.ActiveCfg = Release|Any CPU
		{E7A64D13-3FC0-4131-8ED3-0AAF3DADE354}.Release|x64.Build.0 = Release|Any CPU
		{E7A64D13-3FC0-4131-8ED3-0AAF3DADE354}.Release|x86.ActiveCfg = Release|Any CPU
		{E7A64D13-3FC0-4131-8ED3-0AAF3DADE354}.Release|x86.Build.0 = Release|Any CPU
		{F09FC034-3D0D-4D1D-ADE1-ED41625D3648}.Debug|Any CPU.ActiveCfg = Debug|Any CPU
		{F09FC034-3D0D-4D1D-ADE1-ED41625D3648}.Debug|Any CPU.Build.0 = Debug|Any CPU
		{F09FC034-3D0D-4D1D-ADE1-ED41625D3648}.Debug|x64.ActiveCfg = Debug|Any CPU
		{F09FC034-3D0D-4D1D-ADE1-ED41625D3648}.Debug|x64.Build.0 = Debug|Any CPU
		{F09FC034-3D0D-4D1D-ADE1-ED41625D3648}.Debug|x86.ActiveCfg = Debug|Any CPU
		{F09FC034-3D0D-4D1D-ADE1-ED41625D3648}.Debug|x86.Build.0 = Debug|Any CPU
		{F09FC034-3D0D-4D1D-ADE1-ED41625D3648}.Release|Any CPU.ActiveCfg = Release|Any CPU
		{F09FC034-3D0D-4D1D-ADE1-ED41625D3648}.Release|Any CPU.Build.0 = Release|Any CPU
		{F09FC034-3D0D-4D1D-ADE1-ED41625D3648}.Release|x64.ActiveCfg = Release|Any CPU
		{F09FC034-3D0D-4D1D-ADE1-ED41625D3648}.Release|x64.Build.0 = Release|Any CPU
		{F09FC034-3D0D-4D1D-ADE1-ED41625D3648}.Release|x86.ActiveCfg = Release|Any CPU
		{F09FC034-3D0D-4D1D-ADE1-ED41625D3648}.Release|x86.Build.0 = Release|Any CPU
		{5DCD181E-E9FB-4100-A640-4E5B6894C389}.Debug|Any CPU.ActiveCfg = Debug|Any CPU
		{5DCD181E-E9FB-4100-A640-4E5B6894C389}.Debug|Any CPU.Build.0 = Debug|Any CPU
		{5DCD181E-E9FB-4100-A640-4E5B6894C389}.Debug|x64.ActiveCfg = Debug|Any CPU
		{5DCD181E-E9FB-4100-A640-4E5B6894C389}.Debug|x64.Build.0 = Debug|Any CPU
		{5DCD181E-E9FB-4100-A640-4E5B6894C389}.Debug|x86.ActiveCfg = Debug|Any CPU
		{5DCD181E-E9FB-4100-A640-4E5B6894C389}.Debug|x86.Build.0 = Debug|Any CPU
		{5DCD181E-E9FB-4100-A640-4E5B6894C389}.Release|Any CPU.ActiveCfg = Release|Any CPU
		{5DCD181E-E9FB-4100-A640-4E5B6894C389}.Release|Any CPU.Build.0 = Release|Any CPU
		{5DCD181E-E9FB-4100-A640-4E5B6894C389}.Release|x64.ActiveCfg = Release|Any CPU
		{5DCD181E-E9FB-4100-A640-4E5B6894C389}.Release|x64.Build.0 = Release|Any CPU
		{5DCD181E-E9FB-4100-A640-4E5B6894C389}.Release|x86.ActiveCfg = Release|Any CPU
		{5DCD181E-E9FB-4100-A640-4E5B6894C389}.Release|x86.Build.0 = Release|Any CPU
		{78ED20E3-36A9-42D6-9F4A-09ED01211B9C}.Debug|Any CPU.ActiveCfg = Debug|Any CPU
		{78ED20E3-36A9-42D6-9F4A-09ED01211B9C}.Debug|Any CPU.Build.0 = Debug|Any CPU
		{78ED20E3-36A9-42D6-9F4A-09ED01211B9C}.Debug|x64.ActiveCfg = Debug|Any CPU
		{78ED20E3-36A9-42D6-9F4A-09ED01211B9C}.Debug|x64.Build.0 = Debug|Any CPU
		{78ED20E3-36A9-42D6-9F4A-09ED01211B9C}.Debug|x86.ActiveCfg = Debug|Any CPU
		{78ED20E3-36A9-42D6-9F4A-09ED01211B9C}.Debug|x86.Build.0 = Debug|Any CPU
		{78ED20E3-36A9-42D6-9F4A-09ED01211B9C}.Release|Any CPU.ActiveCfg = Release|Any CPU
		{78ED20E3-36A9-42D6-9F4A-09ED01211B9C}.Release|Any CPU.Build.0 = Release|Any CPU
		{78ED20E3-36A9-42D6-9F4A-09ED01211B9C}.Release|x64.ActiveCfg = Release|Any CPU
		{78ED20E3-36A9-42D6-9F4A-09ED01211B9C}.Release|x64.Build.0 = Release|Any CPU
		{78ED20E3-36A9-42D6-9F4A-09ED01211B9C}.Release|x86.ActiveCfg = Release|Any CPU
		{78ED20E3-36A9-42D6-9F4A-09ED01211B9C}.Release|x86.Build.0 = Release|Any CPU
		{CE7287EC-BFDC-4EEE-BEC1-DAE72D003087}.Debug|Any CPU.ActiveCfg = Debug|Any CPU
		{CE7287EC-BFDC-4EEE-BEC1-DAE72D003087}.Debug|Any CPU.Build.0 = Debug|Any CPU
		{CE7287EC-BFDC-4EEE-BEC1-DAE72D003087}.Debug|x64.ActiveCfg = Debug|Any CPU
		{CE7287EC-BFDC-4EEE-BEC1-DAE72D003087}.Debug|x64.Build.0 = Debug|Any CPU
		{CE7287EC-BFDC-4EEE-BEC1-DAE72D003087}.Debug|x86.ActiveCfg = Debug|Any CPU
		{CE7287EC-BFDC-4EEE-BEC1-DAE72D003087}.Debug|x86.Build.0 = Debug|Any CPU
		{CE7287EC-BFDC-4EEE-BEC1-DAE72D003087}.Release|Any CPU.ActiveCfg = Release|Any CPU
		{CE7287EC-BFDC-4EEE-BEC1-DAE72D003087}.Release|Any CPU.Build.0 = Release|Any CPU
		{CE7287EC-BFDC-4EEE-BEC1-DAE72D003087}.Release|x64.ActiveCfg = Release|Any CPU
		{CE7287EC-BFDC-4EEE-BEC1-DAE72D003087}.Release|x64.Build.0 = Release|Any CPU
		{CE7287EC-BFDC-4EEE-BEC1-DAE72D003087}.Release|x86.ActiveCfg = Release|Any CPU
		{CE7287EC-BFDC-4EEE-BEC1-DAE72D003087}.Release|x86.Build.0 = Release|Any CPU
		{FF61D6CD-C75B-4E67-94CE-D6A45BEC6EF0}.Debug|Any CPU.ActiveCfg = Debug|Any CPU
		{FF61D6CD-C75B-4E67-94CE-D6A45BEC6EF0}.Debug|Any CPU.Build.0 = Debug|Any CPU
		{FF61D6CD-C75B-4E67-94CE-D6A45BEC6EF0}.Debug|x64.ActiveCfg = Debug|Any CPU
		{FF61D6CD-C75B-4E67-94CE-D6A45BEC6EF0}.Debug|x64.Build.0 = Debug|Any CPU
		{FF61D6CD-C75B-4E67-94CE-D6A45BEC6EF0}.Debug|x86.ActiveCfg = Debug|Any CPU
		{FF61D6CD-C75B-4E67-94CE-D6A45BEC6EF0}.Debug|x86.Build.0 = Debug|Any CPU
		{FF61D6CD-C75B-4E67-94CE-D6A45BEC6EF0}.Release|Any CPU.ActiveCfg = Release|Any CPU
		{FF61D6CD-C75B-4E67-94CE-D6A45BEC6EF0}.Release|Any CPU.Build.0 = Release|Any CPU
		{FF61D6CD-C75B-4E67-94CE-D6A45BEC6EF0}.Release|x64.ActiveCfg = Release|Any CPU
		{FF61D6CD-C75B-4E67-94CE-D6A45BEC6EF0}.Release|x64.Build.0 = Release|Any CPU
		{FF61D6CD-C75B-4E67-94CE-D6A45BEC6EF0}.Release|x86.ActiveCfg = Release|Any CPU
		{FF61D6CD-C75B-4E67-94CE-D6A45BEC6EF0}.Release|x86.Build.0 = Release|Any CPU
		{6F88C362-8920-4BEA-A9F4-0CAA280BE1DC}.Debug|Any CPU.ActiveCfg = Debug|Any CPU
		{6F88C362-8920-4BEA-A9F4-0CAA280BE1DC}.Debug|Any CPU.Build.0 = Debug|Any CPU
		{6F88C362-8920-4BEA-A9F4-0CAA280BE1DC}.Debug|x64.ActiveCfg = Debug|Any CPU
		{6F88C362-8920-4BEA-A9F4-0CAA280BE1DC}.Debug|x64.Build.0 = Debug|Any CPU
		{6F88C362-8920-4BEA-A9F4-0CAA280BE1DC}.Debug|x86.ActiveCfg = Debug|Any CPU
		{6F88C362-8920-4BEA-A9F4-0CAA280BE1DC}.Debug|x86.Build.0 = Debug|Any CPU
		{6F88C362-8920-4BEA-A9F4-0CAA280BE1DC}.Release|Any CPU.ActiveCfg = Release|Any CPU
		{6F88C362-8920-4BEA-A9F4-0CAA280BE1DC}.Release|Any CPU.Build.0 = Release|Any CPU
		{6F88C362-8920-4BEA-A9F4-0CAA280BE1DC}.Release|x64.ActiveCfg = Release|Any CPU
		{6F88C362-8920-4BEA-A9F4-0CAA280BE1DC}.Release|x64.Build.0 = Release|Any CPU
		{6F88C362-8920-4BEA-A9F4-0CAA280BE1DC}.Release|x86.ActiveCfg = Release|Any CPU
		{6F88C362-8920-4BEA-A9F4-0CAA280BE1DC}.Release|x86.Build.0 = Release|Any CPU
		{80FD376F-B238-4258-A957-1DFB2624C812}.Debug|Any CPU.ActiveCfg = Debug|Any CPU
		{80FD376F-B238-4258-A957-1DFB2624C812}.Debug|Any CPU.Build.0 = Debug|Any CPU
		{80FD376F-B238-4258-A957-1DFB2624C812}.Debug|x64.ActiveCfg = Debug|Any CPU
		{80FD376F-B238-4258-A957-1DFB2624C812}.Debug|x64.Build.0 = Debug|Any CPU
		{80FD376F-B238-4258-A957-1DFB2624C812}.Debug|x86.ActiveCfg = Debug|Any CPU
		{80FD376F-B238-4258-A957-1DFB2624C812}.Debug|x86.Build.0 = Debug|Any CPU
		{80FD376F-B238-4258-A957-1DFB2624C812}.Release|Any CPU.ActiveCfg = Release|Any CPU
		{80FD376F-B238-4258-A957-1DFB2624C812}.Release|Any CPU.Build.0 = Release|Any CPU
		{80FD376F-B238-4258-A957-1DFB2624C812}.Release|x64.ActiveCfg = Release|Any CPU
		{80FD376F-B238-4258-A957-1DFB2624C812}.Release|x64.Build.0 = Release|Any CPU
		{80FD376F-B238-4258-A957-1DFB2624C812}.Release|x86.ActiveCfg = Release|Any CPU
		{80FD376F-B238-4258-A957-1DFB2624C812}.Release|x86.Build.0 = Release|Any CPU
		{106AEF49-BE7B-447F-BB7E-E12D6BDC8C0D}.Debug|Any CPU.ActiveCfg = Debug|Any CPU
		{106AEF49-BE7B-447F-BB7E-E12D6BDC8C0D}.Debug|Any CPU.Build.0 = Debug|Any CPU
		{106AEF49-BE7B-447F-BB7E-E12D6BDC8C0D}.Debug|x64.ActiveCfg = Debug|Any CPU
		{106AEF49-BE7B-447F-BB7E-E12D6BDC8C0D}.Debug|x64.Build.0 = Debug|Any CPU
		{106AEF49-BE7B-447F-BB7E-E12D6BDC8C0D}.Debug|x86.ActiveCfg = Debug|Any CPU
		{106AEF49-BE7B-447F-BB7E-E12D6BDC8C0D}.Debug|x86.Build.0 = Debug|Any CPU
		{106AEF49-BE7B-447F-BB7E-E12D6BDC8C0D}.Release|Any CPU.ActiveCfg = Release|Any CPU
		{106AEF49-BE7B-447F-BB7E-E12D6BDC8C0D}.Release|Any CPU.Build.0 = Release|Any CPU
		{106AEF49-BE7B-447F-BB7E-E12D6BDC8C0D}.Release|x64.ActiveCfg = Release|Any CPU
		{106AEF49-BE7B-447F-BB7E-E12D6BDC8C0D}.Release|x64.Build.0 = Release|Any CPU
		{106AEF49-BE7B-447F-BB7E-E12D6BDC8C0D}.Release|x86.ActiveCfg = Release|Any CPU
		{106AEF49-BE7B-447F-BB7E-E12D6BDC8C0D}.Release|x86.Build.0 = Release|Any CPU
		{916C871E-D866-4F92-A7E3-81A5DF8E7D37}.Debug|Any CPU.ActiveCfg = Debug|Any CPU
		{916C871E-D866-4F92-A7E3-81A5DF8E7D37}.Debug|Any CPU.Build.0 = Debug|Any CPU
		{916C871E-D866-4F92-A7E3-81A5DF8E7D37}.Debug|x64.ActiveCfg = Debug|Any CPU
		{916C871E-D866-4F92-A7E3-81A5DF8E7D37}.Debug|x64.Build.0 = Debug|Any CPU
		{916C871E-D866-4F92-A7E3-81A5DF8E7D37}.Debug|x86.ActiveCfg = Debug|Any CPU
		{916C871E-D866-4F92-A7E3-81A5DF8E7D37}.Debug|x86.Build.0 = Debug|Any CPU
		{916C871E-D866-4F92-A7E3-81A5DF8E7D37}.Release|Any CPU.ActiveCfg = Release|Any CPU
		{916C871E-D866-4F92-A7E3-81A5DF8E7D37}.Release|Any CPU.Build.0 = Release|Any CPU
		{916C871E-D866-4F92-A7E3-81A5DF8E7D37}.Release|x64.ActiveCfg = Release|Any CPU
		{916C871E-D866-4F92-A7E3-81A5DF8E7D37}.Release|x64.Build.0 = Release|Any CPU
		{916C871E-D866-4F92-A7E3-81A5DF8E7D37}.Release|x86.ActiveCfg = Release|Any CPU
		{916C871E-D866-4F92-A7E3-81A5DF8E7D37}.Release|x86.Build.0 = Release|Any CPU
		{D19F4A71-6E87-4336-9A09-E341784468E1}.Debug|Any CPU.ActiveCfg = Debug|Any CPU
		{D19F4A71-6E87-4336-9A09-E341784468E1}.Debug|Any CPU.Build.0 = Debug|Any CPU
		{D19F4A71-6E87-4336-9A09-E341784468E1}.Debug|x64.ActiveCfg = Debug|Any CPU
		{D19F4A71-6E87-4336-9A09-E341784468E1}.Debug|x64.Build.0 = Debug|Any CPU
		{D19F4A71-6E87-4336-9A09-E341784468E1}.Debug|x86.ActiveCfg = Debug|Any CPU
		{D19F4A71-6E87-4336-9A09-E341784468E1}.Debug|x86.Build.0 = Debug|Any CPU
		{D19F4A71-6E87-4336-9A09-E341784468E1}.Release|Any CPU.ActiveCfg = Release|Any CPU
		{D19F4A71-6E87-4336-9A09-E341784468E1}.Release|Any CPU.Build.0 = Release|Any CPU
		{D19F4A71-6E87-4336-9A09-E341784468E1}.Release|x64.ActiveCfg = Release|Any CPU
		{D19F4A71-6E87-4336-9A09-E341784468E1}.Release|x64.Build.0 = Release|Any CPU
		{D19F4A71-6E87-4336-9A09-E341784468E1}.Release|x86.ActiveCfg = Release|Any CPU
		{D19F4A71-6E87-4336-9A09-E341784468E1}.Release|x86.Build.0 = Release|Any CPU
		{EAF36ADB-E28F-46DC-A520-3C5A382D1F46}.Debug|Any CPU.ActiveCfg = Debug|Any CPU
		{EAF36ADB-E28F-46DC-A520-3C5A382D1F46}.Debug|Any CPU.Build.0 = Debug|Any CPU
		{EAF36ADB-E28F-46DC-A520-3C5A382D1F46}.Debug|x64.ActiveCfg = Debug|Any CPU
		{EAF36ADB-E28F-46DC-A520-3C5A382D1F46}.Debug|x64.Build.0 = Debug|Any CPU
		{EAF36ADB-E28F-46DC-A520-3C5A382D1F46}.Debug|x86.ActiveCfg = Debug|Any CPU
		{EAF36ADB-E28F-46DC-A520-3C5A382D1F46}.Debug|x86.Build.0 = Debug|Any CPU
		{EAF36ADB-E28F-46DC-A520-3C5A382D1F46}.Release|Any CPU.ActiveCfg = Release|Any CPU
		{EAF36ADB-E28F-46DC-A520-3C5A382D1F46}.Release|Any CPU.Build.0 = Release|Any CPU
		{EAF36ADB-E28F-46DC-A520-3C5A382D1F46}.Release|x64.ActiveCfg = Release|Any CPU
		{EAF36ADB-E28F-46DC-A520-3C5A382D1F46}.Release|x64.Build.0 = Release|Any CPU
		{EAF36ADB-E28F-46DC-A520-3C5A382D1F46}.Release|x86.ActiveCfg = Release|Any CPU
		{EAF36ADB-E28F-46DC-A520-3C5A382D1F46}.Release|x86.Build.0 = Release|Any CPU
	EndGlobalSection
	GlobalSection(SolutionProperties) = preSolution
		HideSolutionNode = FALSE
	EndGlobalSection
	GlobalSection(NestedProjects) = preSolution
		{5A94CD3A-466E-4C63-B844-0A8DEE8D6CDC} = {0AB3BF05-4346-4AA6-1389-037BE0695223}
		{4353066B-F410-E540-F593-55E469B78A5F} = {0AB3BF05-4346-4AA6-1389-037BE0695223}
		{66BB64B5-78AA-A264-1B79-3FC42D2485EB} = {4353066B-F410-E540-F593-55E469B78A5F}
		{8B56F8B2-E691-46B1-B50D-5C90FD1DA23A} = {66BB64B5-78AA-A264-1B79-3FC42D2485EB}
		{984BB9B3-3FA3-BE33-9484-CAC21695A33C} = {827E0CD3-B72D-47B6-A68D-7590B98EB39B}
		{E5E1B1E5-C062-F6BA-03D2-91D8175BF75B} = {984BB9B3-3FA3-BE33-9484-CAC21695A33C}
		{5539E5DF-7B99-4169-8A83-1636D2B3A114} = {E5E1B1E5-C062-F6BA-03D2-91D8175BF75B}
		{157C21EE-7DB5-38BD-9B9A-98279C38550B} = {984BB9B3-3FA3-BE33-9484-CAC21695A33C}
		{B2906912-2334-4773-BE4D-9E68A86B25A4} = {157C21EE-7DB5-38BD-9B9A-98279C38550B}
		{01B101CC-23DD-4F18-AEA8-42960BB72134} = {157C21EE-7DB5-38BD-9B9A-98279C38550B}
		{E7A64D13-3FC0-4131-8ED3-0AAF3DADE354} = {157C21EE-7DB5-38BD-9B9A-98279C38550B}
		{F09FC034-3D0D-4D1D-ADE1-ED41625D3648} = {157C21EE-7DB5-38BD-9B9A-98279C38550B}
		{6FEADAE5-0DF7-50EF-B7D1-AE696EF96879} = {984BB9B3-3FA3-BE33-9484-CAC21695A33C}
		{5DCD181E-E9FB-4100-A640-4E5B6894C389} = {6FEADAE5-0DF7-50EF-B7D1-AE696EF96879}
		{78ED20E3-36A9-42D6-9F4A-09ED01211B9C} = {6FEADAE5-0DF7-50EF-B7D1-AE696EF96879}
		{CE7287EC-BFDC-4EEE-BEC1-DAE72D003087} = {6FEADAE5-0DF7-50EF-B7D1-AE696EF96879}
		{FF61D6CD-C75B-4E67-94CE-D6A45BEC6EF0} = {6FEADAE5-0DF7-50EF-B7D1-AE696EF96879}
		{49A61280-BE0B-B347-9318-97195D323CE9} = {984BB9B3-3FA3-BE33-9484-CAC21695A33C}
		{6F88C362-8920-4BEA-A9F4-0CAA280BE1DC} = {49A61280-BE0B-B347-9318-97195D323CE9}
		{05E3E03A-C0FA-C63B-A943-54F23E811AD3} = {984BB9B3-3FA3-BE33-9484-CAC21695A33C}
		{80FD376F-B238-4258-A957-1DFB2624C812} = {05E3E03A-C0FA-C63B-A943-54F23E811AD3}
		{106AEF49-BE7B-447F-BB7E-E12D6BDC8C0D} = {05E3E03A-C0FA-C63B-A943-54F23E811AD3}
		{916C871E-D866-4F92-A7E3-81A5DF8E7D37} = {05E3E03A-C0FA-C63B-A943-54F23E811AD3}
		{D19F4A71-6E87-4336-9A09-E341784468E1} = {05E3E03A-C0FA-C63B-A943-54F23E811AD3}
		{FCA01246-F2C6-0AA7-D43F-FD13BE0B9D88} = {827E0CD3-B72D-47B6-A68D-7590B98EB39B}
		{EAF36ADB-E28F-46DC-A520-3C5A382D1F46} = {FCA01246-F2C6-0AA7-D43F-FD13BE0B9D88}
	EndGlobalSection
EndGlobal
